
Microsoft Visual Studio Solution File, Format Version 12.00
# Visual Studio Version 17
VisualStudioVersion = 17.9.34622.214
MinimumVisualStudioVersion = 10.0.40219.1
Project("{9A19103F-16F7-4668-BE54-9A1E7A4F7556}") = "WriteTheRest.Core", "WriteTheRest.Core\WriteTheRest.Core.csproj", "{64B0C469-A252-4BD3-ADAD-17510AEED59D}"
EndProject
Project("{2150E333-8FDC-42A3-9474-1A3956D46DE8}") = "Core", "Core", "{E19B11E8-6F96-4342-B678-9DF552162E70}"
EndProject
Project("{2150E333-8FDC-42A3-9474-1A3956D46DE8}") = "Story", "Story", "{DD40BA24-39D8-4651-A750-F843F88754E8}"
EndProject
Project("{9A19103F-16F7-4668-BE54-9A1E7A4F7556}") = "Story.Domain", "Story.Domain\Story.Domain.csproj", "{32A84E99-A70E-4E60-A6AC-6C3EBFE98461}"
EndProject
Project("{9A19103F-16F7-4668-BE54-9A1E7A4F7556}") = "Story.Data", "Story.Data\Story.Data.csproj", "{647F8E7D-00B6-422E-8C33-8D476CDF1855}"
EndProject
Project("{9A19103F-16F7-4668-BE54-9A1E7A4F7556}") = "Story.Application", "Story.Application\Story.Application.csproj", "{8C21A188-3F97-4A69-99F9-BEF500353C2D}"
EndProject
Project("{9A19103F-16F7-4668-BE54-9A1E7A4F7556}") = "Story.API", "Story.API\Story.API.csproj", "{79D6068D-EFBA-430D-B208-9B999A8662A6}"
EndProject
Project("{2150E333-8FDC-42A3-9474-1A3956D46DE8}") = "Çözüm Öğeleri", "Çözüm Öğeleri", "{F93487EA-B82E-4595-9C8F-6104179E9A84}"
	ProjectSection(SolutionItems) = preProject
		.gitignore = .gitignore
	EndProjectSection
EndProject
Global
	GlobalSection(SolutionConfigurationPlatforms) = preSolution
		Debug|Any CPU = Debug|Any CPU
		Release|Any CPU = Release|Any CPU
	EndGlobalSection
	GlobalSection(ProjectConfigurationPlatforms) = postSolution
		{64B0C469-A252-4BD3-ADAD-17510AEED59D}.Debug|Any CPU.ActiveCfg = Debug|Any CPU
		{64B0C469-A252-4BD3-ADAD-17510AEED59D}.Debug|Any CPU.Build.0 = Debug|Any CPU
		{64B0C469-A252-4BD3-ADAD-17510AEED59D}.Release|Any CPU.ActiveCfg = Release|Any CPU
		{64B0C469-A252-4BD3-ADAD-17510AEED59D}.Release|Any CPU.Build.0 = Release|Any CPU
		{32A84E99-A70E-4E60-A6AC-6C3EBFE98461}.Debug|Any CPU.ActiveCfg = Debug|Any CPU
		{32A84E99-A70E-4E60-A6AC-6C3EBFE98461}.Debug|Any CPU.Build.0 = Debug|Any CPU
		{32A84E99-A70E-4E60-A6AC-6C3EBFE98461}.Release|Any CPU.ActiveCfg = Release|Any CPU
		{32A84E99-A70E-4E60-A6AC-6C3EBFE98461}.Release|Any CPU.Build.0 = Release|Any CPU
		{647F8E7D-00B6-422E-8C33-8D476CDF1855}.Debug|Any CPU.ActiveCfg = Debug|Any CPU
		{647F8E7D-00B6-422E-8C33-8D476CDF1855}.Debug|Any CPU.Build.0 = Debug|Any CPU
		{647F8E7D-00B6-422E-8C33-8D476CDF1855}.Release|Any CPU.ActiveCfg = Release|Any CPU
		{647F8E7D-00B6-422E-8C33-8D476CDF1855}.Release|Any CPU.Build.0 = Release|Any CPU
		{8C21A188-3F97-4A69-99F9-BEF500353C2D}.Debug|Any CPU.ActiveCfg = Debug|Any CPU
		{8C21A188-3F97-4A69-99F9-BEF500353C2D}.Debug|Any CPU.Build.0 = Debug|Any CPU
		{8C21A188-3F97-4A69-99F9-BEF500353C2D}.Release|Any CPU.ActiveCfg = Release|Any CPU
		{8C21A188-3F97-4A69-99F9-BEF500353C2D}.Release|Any CPU.Build.0 = Release|Any CPU
		{79D6068D-EFBA-430D-B208-9B999A8662A6}.Debug|Any CPU.ActiveCfg = Debug|Any CPU
		{79D6068D-EFBA-430D-B208-9B999A8662A6}.Debug|Any CPU.Build.0 = Debug|Any CPU
		{79D6068D-EFBA-430D-B208-9B999A8662A6}.Release|Any CPU.ActiveCfg = Release|Any CPU
		{79D6068D-EFBA-430D-B208-9B999A8662A6}.Release|Any CPU.Build.0 = Release|Any CPU
	EndGlobalSection
	GlobalSection(SolutionProperties) = preSolution
		HideSolutionNode = FALSE
	EndGlobalSection
	GlobalSection(NestedProjects) = preSolution
		{64B0C469-A252-4BD3-ADAD-17510AEED59D} = {E19B11E8-6F96-4342-B678-9DF552162E70}
		{32A84E99-A70E-4E60-A6AC-6C3EBFE98461} = {DD40BA24-39D8-4651-A750-F843F88754E8}
		{647F8E7D-00B6-422E-8C33-8D476CDF1855} = {DD40BA24-39D8-4651-A750-F843F88754E8}
		{8C21A188-3F97-4A69-99F9-BEF500353C2D} = {DD40BA24-39D8-4651-A750-F843F88754E8}
		{79D6068D-EFBA-430D-B208-9B999A8662A6} = {DD40BA24-39D8-4651-A750-F843F88754E8}
	EndGlobalSection
	GlobalSection(ExtensibilityGlobals) = postSolution
		SolutionGuid = {64D1B227-F2E6-4E0D-B70E-4ACEB2C12E21}
	EndGlobalSection
EndGlobal
